
Microsoft Visual Studio Solution File, Format Version 12.00
# Visual Studio Version 17
VisualStudioVersion = 17.8.34330.188
MinimumVisualStudioVersion = 10.0.40219.1
Project("{9A19103F-16F7-4668-BE54-9A1E7A4F7556}") = "SemicolonConsoleApp", "SemicolonConsoleApp\SemicolonConsoleApp.csproj", "{120E99EC-5F79-4721-A634-FB40540F3BC4}"
EndProject
Global
	GlobalSection(SolutionConfigurationPlatforms) = preSolution
		Debug|Any CPU = Debug|Any CPU
		Release|Any CPU = Release|Any CPU
	EndGlobalSection
	GlobalSection(ProjectConfigurationPlatforms) = postSolution
		{120E99EC-5F79-4721-A634-FB40540F3BC4}.Debug|Any CPU.ActiveCfg = Debug|Any CPU
		{120E99EC-5F79-4721-A634-FB40540F3BC4}.Debug|Any CPU.Build.0 = Debug|Any CPU
		{120E99EC-5F79-4721-A634-FB40540F3BC4}.Release|Any CPU.ActiveCfg = Release|Any CPU
		{120E99EC-5F79-4721-A634-FB40540F3BC4}.Release|Any CPU.Build.0 = Release|Any CPU
	EndGlobalSection
	GlobalSection(SolutionProperties) = preSolution
		HideSolutionNode = FALSE
	EndGlobalSection
	GlobalSection(ExtensibilityGlobals) = postSolution
		SolutionGuid = {308F942C-6B91-4D84-B4C4-C1AA6E75451A}
	EndGlobalSection
EndGlobal
